
Microsoft Visual Studio Solution File, Format Version 12.00
# Visual Studio 15
VisualStudioVersion = 15.0.28307.1062
MinimumVisualStudioVersion = 10.0.40219.1
Project("{FAE04EC0-301F-11D3-BF4B-00C04F79EFBC}") = "Otomasyon", "Otomasyon\Otomasyon.csproj", "{2D28E0A5-A8CF-46D4-A5ED-D71BB605948F}"
EndProject
Global
	GlobalSection(SolutionConfigurationPlatforms) = preSolution
		Debug|Any CPU = Debug|Any CPU
		Release|Any CPU = Release|Any CPU
	EndGlobalSection
	GlobalSection(ProjectConfigurationPlatforms) = postSolution
		{2D28E0A5-A8CF-46D4-A5ED-D71BB605948F}.Debug|Any CPU.ActiveCfg = Debug|Any CPU
		{2D28E0A5-A8CF-46D4-A5ED-D71BB605948F}.Debug|Any CPU.Build.0 = Debug|Any CPU
		{2D28E0A5-A8CF-46D4-A5ED-D71BB605948F}.Release|Any CPU.ActiveCfg = Release|Any CPU
		{2D28E0A5-A8CF-46D4-A5ED-D71BB605948F}.Release|Any CPU.Build.0 = Release|Any CPU
	EndGlobalSection
	GlobalSection(SolutionProperties) = preSolution
		HideSolutionNode = FALSE
	EndGlobalSection
	GlobalSection(ExtensibilityGlobals) = postSolution
		SolutionGuid = {7096F400-300D-4945-B35F-09411793B904}
	EndGlobalSection
EndGlobal
